Microsoft Visual Studio Solution File, Format Version 12.00
# Visual Studio Version 17
VisualStudioVersion = 17.13.35931.197
MinimumVisualStudioVersion = 10.0.40219.1
Project("{2150E333-8FDC-42A3-9474-1A3956D46DE8}") = "1-Presentation", "1-Presentation", "{02EA681E-C7D8-13C7-8484-4AC65E1B71E8}"
EndProject
Project("{2150E333-8FDC-42A3-9474-1A3956D46DE8}") = "2-Application", "2-Application", "{C911F39A-FE1E-43A3-ABB3-5836B136F97B}"
EndProject
Project("{2150E333-8FDC-42A3-9474-1A3956D46DE8}") = "3-Domain", "3-Domain", "{B14BE2AB-1E29-447D-937E-B66676096226}"
EndProject
Project("{2150E333-8FDC-42A3-9474-1A3956D46DE8}") = "4-Infrastructure", "4-Infrastructure", "{288CC8C6-70AC-43EE-82F2-B3E473EC14D0}"
EndProject
Project("{FAE04EC0-301F-11D3-BF4B-00C04F79EFBC}") = "Orders.Presentation", "src\Mercurio.Store.Presentation\Orders.Presentation.csproj", "{8A8C3EB9-4C94-85E7-4951-57C934F732C1}"
EndProject
Project("{FAE04EC0-301F-11D3-BF4B-00C04F79EFBC}") = "Orders.Application", "src\Mercurio.Store.Application\Orders.Application.csproj", "{2840111B-3465-6DF6-4A9F-DC06394CC96A}"
EndProject
Project("{FAE04EC0-301F-11D3-BF4B-00C04F79EFBC}") = "Orders.Domain", "src\Mercurio.Store.Orders.Domain\Orders.Domain.csproj", "{00CC81BA-6A68-56A7-A071-B56FFF46047D}"
EndProject
Project("{FAE04EC0-301F-11D3-BF4B-00C04F79EFBC}") = "Orders.Infrastructure", "src\Mercurio.Store.Infrastructure\Orders.Infrastructure.csproj", "{A6D4D391-8E5E-9C5A-8701-D1FAD4A87985}"
EndProject
Project("{2150E333-8FDC-42A3-9474-1A3956D46DE8}") = "Tests", "Tests", "{9109B6CC-DB10-459C-A602-9C3E4C742B86}"
EndProject
Project("{FAE04EC0-301F-11D3-BF4B-00C04F79EFBC}") = "Mercurio.Orders.Tests", "Mercurio.Orders.Tests\Mercurio.Orders.Tests\Mercurio.Orders.Tests.csproj", "{025C2B1D-106D-45D9-B8B8-72E5FD1B88A3}"
EndProject
Global
	GlobalSection(SolutionConfigurationPlatforms) = preSolution
		Debug|Any CPU = Debug|Any CPU
		Release|Any CPU = Release|Any CPU
	EndGlobalSection
	GlobalSection(ProjectConfigurationPlatforms) = postSolution
		{8A8C3EB9-4C94-85E7-4951-57C934F732C1}.Debug|Any CPU.ActiveCfg = Debug|Any CPU
		{8A8C3EB9-4C94-85E7-4951-57C934F732C1}.Debug|Any CPU.Build.0 = Debug|Any CPU
		{8A8C3EB9-4C94-85E7-4951-57C934F732C1}.Release|Any CPU.ActiveCfg = Release|Any CPU
		{8A8C3EB9-4C94-85E7-4951-57C934F732C1}.Release|Any CPU.Build.0 = Release|Any CPU
		{2840111B-3465-6DF6-4A9F-DC06394CC96A}.Debug|Any CPU.ActiveCfg = Debug|Any CPU
		{2840111B-3465-6DF6-4A9F-DC06394CC96A}.Debug|Any CPU.Build.0 = Debug|Any CPU
		{2840111B-3465-6DF6-4A9F-DC06394CC96A}.Release|Any CPU.ActiveCfg = Release|Any CPU
		{2840111B-3465-6DF6-4A9F-DC06394CC96A}.Release|Any CPU.Build.0 = Release|Any CPU
		{00CC81BA-6A68-56A7-A071-B56FFF46047D}.Debug|Any CPU.ActiveCfg = Debug|Any CPU
		{00CC81BA-6A68-56A7-A071-B56FFF46047D}.Debug|Any CPU.Build.0 = Debug|Any CPU
		{00CC81BA-6A68-56A7-A071-B56FFF46047D}.Release|Any CPU.ActiveCfg = Release|Any CPU
		{00CC81BA-6A68-56A7-A071-B56FFF46047D}.Release|Any CPU.Build.0 = Release|Any CPU
		{A6D4D391-8E5E-9C5A-8701-D1FAD4A87985}.Debug|Any CPU.ActiveCfg = Debug|Any CPU
		{A6D4D391-8E5E-9C5A-8701-D1FAD4A87985}.Debug|Any CPU.Build.0 = Debug|Any CPU
		{A6D4D391-8E5E-9C5A-8701-D1FAD4A87985}.Release|Any CPU.ActiveCfg = Release|Any CPU
		{A6D4D391-8E5E-9C5A-8701-D1FAD4A87985}.Release|Any CPU.Build.0 = Release|Any CPU
		{025C2B1D-106D-45D9-B8B8-72E5FD1B88A3}.Debug|Any CPU.ActiveCfg = Debug|Any CPU
		{025C2B1D-106D-45D9-B8B8-72E5FD1B88A3}.Debug|Any CPU.Build.0 = Debug|Any CPU
		{025C2B1D-106D-45D9-B8B8-72E5FD1B88A3}.Release|Any CPU.ActiveCfg = Release|Any CPU
		{025C2B1D-106D-45D9-B8B8-72E5FD1B88A3}.Release|Any CPU.Build.0 = Release|Any CPU
	EndGlobalSection
	GlobalSection(SolutionProperties) = preSolution
		HideSolutionNode = FALSE
	EndGlobalSection
	GlobalSection(NestedProjects) = preSolution
		{8A8C3EB9-4C94-85E7-4951-57C934F732C1} = {02EA681E-C7D8-13C7-8484-4AC65E1B71E8}
		{2840111B-3465-6DF6-4A9F-DC06394CC96A} = {C911F39A-FE1E-43A3-ABB3-5836B136F97B}
		{00CC81BA-6A68-56A7-A071-B56FFF46047D} = {B14BE2AB-1E29-447D-937E-B66676096226}
		{A6D4D391-8E5E-9C5A-8701-D1FAD4A87985} = {288CC8C6-70AC-43EE-82F2-B3E473EC14D0}
		{025C2B1D-106D-45D9-B8B8-72E5FD1B88A3} = {9109B6CC-DB10-459C-A602-9C3E4C742B86}
	EndGlobalSection
	GlobalSection(ExtensibilityGlobals) = postSolution
		SolutionGuid = {AAB6086B-0093-4359-B165-2430B2245404}
	EndGlobalSection
EndGlobal
